
Microsoft Visual Studio Solution File, Format Version 12.00
# Visual Studio Version 17
VisualStudioVersion = 17.7.34221.43
MinimumVisualStudioVersion = 10.0.40219.1
Project("{8BC9CEB8-8B4A-11D0-8D11-00A0C91BC942}") = "ALL_BUILD", "ALL_BUILD.vcxproj", "{03030C6B-3048-33E1-9360-A83574FDF029}"
	ProjectSection(ProjectDependencies) = postProject
		{8F0743AD-EA96-3A6A-B858-5EF444F139E5} = {8F0743AD-EA96-3A6A-B858-5EF444F139E5}
		{146D8559-C7EC-3C8A-BDB2-8B16F10840A5} = {146D8559-C7EC-3C8A-BDB2-8B16F10840A5}
		{D5E74C45-63B7-3A30-958D-53F55BA05D96} = {D5E74C45-63B7-3A30-958D-53F55BA05D96}
		{9947E2E0-3066-3714-8CAB-7E23349C5AC7} = {9947E2E0-3066-3714-8CAB-7E23349C5AC7}
		{8A83F7E6-72EB-3A8C-BDFE-2B198E82E813} = {8A83F7E6-72EB-3A8C-BDFE-2B198E82E813}
	EndProjectSection
EndProject
Project("{8BC9CEB8-8B4A-11D0-8D11-00A0C91BC942}") = "INSTALL", "INSTALL.vcxproj", "{27BA3FE0-B21C-3494-B1CB-99E2DF560011}"
	ProjectSection(ProjectDependencies) = postProject
		{03030C6B-3048-33E1-9360-A83574FDF029} = {03030C6B-3048-33E1-9360-A83574FDF029}
		{8F0743AD-EA96-3A6A-B858-5EF444F139E5} = {8F0743AD-EA96-3A6A-B858-5EF444F139E5}
	EndProjectSection
EndProject
Project("{8BC9CEB8-8B4A-11D0-8D11-00A0C91BC942}") = "PACKAGE", "PACKAGE.vcxproj", "{6EE04AC1-AF6D-3B34-9C60-4995604C66AC}"
	ProjectSection(ProjectDependencies) = postProject
		{03030C6B-3048-33E1-9360-A83574FDF029} = {03030C6B-3048-33E1-9360-A83574FDF029}
		{8F0743AD-EA96-3A6A-B858-5EF444F139E5} = {8F0743AD-EA96-3A6A-B858-5EF444F139E5}
	EndProjectSection
EndProject
Project("{8BC9CEB8-8B4A-11D0-8D11-00A0C91BC942}") = "ZERO_CHECK", "ZERO_CHECK.vcxproj", "{8F0743AD-EA96-3A6A-B858-5EF444F139E5}"
EndProject
Project("{8BC9CEB8-8B4A-11D0-8D11-00A0C91BC942}") = "dark", "dark.vcxproj", "{146D8559-C7EC-3C8A-BDB2-8B16F10840A5}"
	ProjectSection(ProjectDependencies) = postProject
		{8F0743AD-EA96-3A6A-B858-5EF444F139E5} = {8F0743AD-EA96-3A6A-B858-5EF444F139E5}
	EndProjectSection
EndProject
Project("{8BC9CEB8-8B4A-11D0-8D11-00A0C91BC942}") = "darknet", "darknet.vcxproj", "{D5E74C45-63B7-3A30-958D-53F55BA05D96}"
	ProjectSection(ProjectDependencies) = postProject
		{8F0743AD-EA96-3A6A-B858-5EF444F139E5} = {8F0743AD-EA96-3A6A-B858-5EF444F139E5}
	EndProjectSection
EndProject
Project("{8BC9CEB8-8B4A-11D0-8D11-00A0C91BC942}") = "kmeansiou", "kmeansiou.vcxproj", "{9947E2E0-3066-3714-8CAB-7E23349C5AC7}"
	ProjectSection(ProjectDependencies) = postProject
		{8F0743AD-EA96-3A6A-B858-5EF444F139E5} = {8F0743AD-EA96-3A6A-B858-5EF444F139E5}
	EndProjectSection
EndProject
Project("{8BC9CEB8-8B4A-11D0-8D11-00A0C91BC942}") = "uselib", "uselib.vcxproj", "{8A83F7E6-72EB-3A8C-BDFE-2B198E82E813}"
	ProjectSection(ProjectDependencies) = postProject
		{8F0743AD-EA96-3A6A-B858-5EF444F139E5} = {8F0743AD-EA96-3A6A-B858-5EF444F139E5}
		{146D8559-C7EC-3C8A-BDB2-8B16F10840A5} = {146D8559-C7EC-3C8A-BDB2-8B16F10840A5}
	EndProjectSection
EndProject
Global
	GlobalSection(SolutionConfigurationPlatforms) = preSolution
		Debug|x64 = Debug|x64
		MinSizeRel|x64 = MinSizeRel|x64
		Release|x64 = Release|x64
		RelWithDebInfo|x64 = RelWithDebInfo|x64
	EndGlobalSection
	GlobalSection(ProjectConfigurationPlatforms) = postSolution
		{03030C6B-3048-33E1-9360-A83574FDF029}.Debug|x64.ActiveCfg = Debug|x64
		{03030C6B-3048-33E1-9360-A83574FDF029}.Debug|x64.Build.0 = Debug|x64
		{03030C6B-3048-33E1-9360-A83574FDF029}.MinSizeRel|x64.ActiveCfg = MinSizeRel|x64
		{03030C6B-3048-33E1-9360-A83574FDF029}.MinSizeRel|x64.Build.0 = MinSizeRel|x64
		{03030C6B-3048-33E1-9360-A83574FDF029}.Release|x64.ActiveCfg = Release|x64
		{03030C6B-3048-33E1-9360-A83574FDF029}.Release|x64.Build.0 = Release|x64
		{03030C6B-3048-33E1-9360-A83574FDF029}.RelWithDebInfo|x64.ActiveCfg = RelWithDebInfo|x64
		{03030C6B-3048-33E1-9360-A83574FDF029}.RelWithDebInfo|x64.Build.0 = RelWithDebInfo|x64
		{27BA3FE0-B21C-3494-B1CB-99E2DF560011}.Debug|x64.ActiveCfg = Debug|x64
		{27BA3FE0-B21C-3494-B1CB-99E2DF560011}.MinSizeRel|x64.ActiveCfg = MinSizeRel|x64
		{27BA3FE0-B21C-3494-B1CB-99E2DF560011}.Release|x64.ActiveCfg = Release|x64
		{27BA3FE0-B21C-3494-B1CB-99E2DF560011}.Release|x64.Build.0 = Release|x64
		{27BA3FE0-B21C-3494-B1CB-99E2DF560011}.RelWithDebInfo|x64.ActiveCfg = RelWithDebInfo|x64
		{6EE04AC1-AF6D-3B34-9C60-4995604C66AC}.Debug|x64.ActiveCfg = Debug|x64
		{6EE04AC1-AF6D-3B34-9C60-4995604C66AC}.MinSizeRel|x64.ActiveCfg = MinSizeRel|x64
		{6EE04AC1-AF6D-3B34-9C60-4995604C66AC}.Release|x64.ActiveCfg = Release|x64
		{6EE04AC1-AF6D-3B34-9C60-4995604C66AC}.Release|x64.Build.0 = Release|x64
		{6EE04AC1-AF6D-3B34-9C60-4995604C66AC}.RelWithDebInfo|x64.ActiveCfg = RelWithDebInfo|x64
		{8F0743AD-EA96-3A6A-B858-5EF444F139E5}.Debug|x64.ActiveCfg = Debug|x64
		{8F0743AD-EA96-3A6A-B858-5EF444F139E5}.Debug|x64.Build.0 = Debug|x64
		{8F0743AD-EA96-3A6A-B858-5EF444F139E5}.MinSizeRel|x64.ActiveCfg = MinSizeRel|x64
		{8F0743AD-EA96-3A6A-B858-5EF444F139E5}.MinSizeRel|x64.Build.0 = MinSizeRel|x64
		{8F0743AD-EA96-3A6A-B858-5EF444F139E5}.Release|x64.ActiveCfg = Release|x64
		{8F0743AD-EA96-3A6A-B858-5EF444F139E5}.Release|x64.Build.0 = Release|x64
		{8F0743AD-EA96-3A6A-B858-5EF444F139E5}.RelWithDebInfo|x64.ActiveCfg = RelWithDebInfo|x64
		{8F0743AD-EA96-3A6A-B858-5EF444F139E5}.RelWithDebInfo|x64.Build.0 = RelWithDebInfo|x64
		{146D8559-C7EC-3C8A-BDB2-8B16F10840A5}.Debug|x64.ActiveCfg = Debug|x64
		{146D8559-C7EC-3C8A-BDB2-8B16F10840A5}.Debug|x64.Build.0 = Debug|x64
		{146D8559-C7EC-3C8A-BDB2-8B16F10840A5}.MinSizeRel|x64.ActiveCfg = MinSizeRel|x64
		{146D8559-C7EC-3C8A-BDB2-8B16F10840A5}.MinSizeRel|x64.Build.0 = MinSizeRel|x64
		{146D8559-C7EC-3C8A-BDB2-8B16F10840A5}.Release|x64.ActiveCfg = Release|x64
		{146D8559-C7EC-3C8A-BDB2-8B16F10840A5}.Release|x64.Build.0 = Release|x64
		{146D8559-C7EC-3C8A-BDB2-8B16F10840A5}.RelWithDebInfo|x64.ActiveCfg = RelWithDebInfo|x64
		{146D8559-C7EC-3C8A-BDB2-8B16F10840A5}.RelWithDebInfo|x64.Build.0 = RelWithDebInfo|x64
		{D5E74C45-63B7-3A30-958D-53F55BA05D96}.Debug|x64.ActiveCfg = Debug|x64
		{D5E74C45-63B7-3A30-958D-53F55BA05D96}.Debug|x64.Build.0 = Debug|x64
		{D5E74C45-63B7-3A30-958D-53F55BA05D96}.MinSizeRel|x64.ActiveCfg = MinSizeRel|x64
		{D5E74C45-63B7-3A30-958D-53F55BA05D96}.MinSizeRel|x64.Build.0 = MinSizeRel|x64
		{D5E74C45-63B7-3A30-958D-53F55BA05D96}.Release|x64.ActiveCfg = Release|x64
		{D5E74C45-63B7-3A30-958D-53F55BA05D96}.Release|x64.Build.0 = Release|x64
		{D5E74C45-63B7-3A30-958D-53F55BA05D96}.RelWithDebInfo|x64.ActiveCfg = RelWithDebInfo|x64
		{D5E74C45-63B7-3A30-958D-53F55BA05D96}.RelWithDebInfo|x64.Build.0 = RelWithDebInfo|x64
		{9947E2E0-3066-3714-8CAB-7E23349C5AC7}.Debug|x64.ActiveCfg = Debug|x64
		{9947E2E0-3066-3714-8CAB-7E23349C5AC7}.Debug|x64.Build.0 = Debug|x64
		{9947E2E0-3066-3714-8CAB-7E23349C5AC7}.MinSizeRel|x64.ActiveCfg = MinSizeRel|x64
		{9947E2E0-3066-3714-8CAB-7E23349C5AC7}.MinSizeRel|x64.Build.0 = MinSizeRel|x64
		{9947E2E0-3066-3714-8CAB-7E23349C5AC7}.Release|x64.ActiveCfg = Release|x64
		{9947E2E0-3066-3714-8CAB-7E23349C5AC7}.Release|x64.Build.0 = Release|x64
		{9947E2E0-3066-3714-8CAB-7E23349C5AC7}.RelWithDebInfo|x64.ActiveCfg = RelWithDebInfo|x64
		{9947E2E0-3066-3714-8CAB-7E23349C5AC7}.RelWithDebInfo|x64.Build.0 = RelWithDebInfo|x64
		{8A83F7E6-72EB-3A8C-BDFE-2B198E82E813}.Debug|x64.ActiveCfg = Debug|x64
		{8A83F7E6-72EB-3A8C-BDFE-2B198E82E813}.Debug|x64.Build.0 = Debug|x64
		{8A83F7E6-72EB-3A8C-BDFE-2B198E82E813}.MinSizeRel|x64.ActiveCfg = MinSizeRel|x64
		{8A83F7E6-72EB-3A8C-BDFE-2B198E82E813}.MinSizeRel|x64.Build.0 = MinSizeRel|x64
		{8A83F7E6-72EB-3A8C-BDFE-2B198E82E813}.Release|x64.ActiveCfg = Release|x64
		{8A83F7E6-72EB-3A8C-BDFE-2B198E82E813}.Release|x64.Build.0 = Release|x64
		{8A83F7E6-72EB-3A8C-BDFE-2B198E82E813}.RelWithDebInfo|x64.ActiveCfg = RelWithDebInfo|x64
		{8A83F7E6-72EB-3A8C-BDFE-2B198E82E813}.RelWithDebInfo|x64.Build.0 = RelWithDebInfo|x64
	EndGlobalSection
	GlobalSection(SolutionProperties) = preSolution
		HideSolutionNode = FALSE
	EndGlobalSection
	GlobalSection(ExtensibilityGlobals) = postSolution
		SolutionGuid = {5DE06925-AB89-3424-AFFE-4A43D61F74EE}
	EndGlobalSection
EndGlobal
